
Microsoft Visual Studio Solution File, Format Version 12.00
# Visual Studio 2013
VisualStudioVersion = 12.0.21005.1
MinimumVisualStudioVersion = 10.0.40219.1
Project("{FAE04EC0-301F-11D3-BF4B-00C04F79EFBC}") = "InputAppForAPI", "InputAppForAPI\InputAppForAPI.csproj", "{1ABE4B50-8FB7-43E4-8A6C-7CA39A5ED520}"
EndProject
Project("{FAE04EC0-301F-11D3-BF4B-00C04F79EFBC}") = "InputAppForAPI.Tests", "InputAppForAPI.Tests\InputAppForAPI.Tests.csproj", "{8B070C91-904E-41B2-95A1-56FEA5528F7B}"
EndProject
Global
	GlobalSection(SolutionConfigurationPlatforms) = preSolution
		Debug|Any CPU = Debug|Any CPU
		Release|Any CPU = Release|Any CPU
	EndGlobalSection
	GlobalSection(ProjectConfigurationPlatforms) = postSolution
		{1ABE4B50-8FB7-43E4-8A6C-7CA39A5ED520}.Debug|Any CPU.ActiveCfg = Debug|Any CPU
		{1ABE4B50-8FB7-43E4-8A6C-7CA39A5ED520}.Debug|Any CPU.Build.0 = Debug|Any CPU
		{1ABE4B50-8FB7-43E4-8A6C-7CA39A5ED520}.Release|Any CPU.ActiveCfg = Release|Any CPU
		{1ABE4B50-8FB7-43E4-8A6C-7CA39A5ED520}.Release|Any CPU.Build.0 = Release|Any CPU
		{8B070C91-904E-41B2-95A1-56FEA5528F7B}.Debug|Any CPU.ActiveCfg = Debug|Any CPU
		{8B070C91-904E-41B2-95A1-56FEA5528F7B}.Debug|Any CPU.Build.0 = Debug|Any CPU
		{8B070C91-904E-41B2-95A1-56FEA5528F7B}.Release|Any CPU.ActiveCfg = Release|Any CPU
		{8B070C91-904E-41B2-95A1-56FEA5528F7B}.Release|Any CPU.Build.0 = Release|Any CPU
	EndGlobalSection
	GlobalSection(SolutionProperties) = preSolution
		HideSolutionNode = FALSE
	EndGlobalSection
EndGlobal
